
Microsoft Visual Studio Solution File, Format Version 12.00
# Visual Studio Version 17
VisualStudioVersion = 17.14.36414.22
MinimumVisualStudioVersion = 10.0.40219.1
Project("{FAE04EC0-301F-11D3-BF4B-00C04F79EFBC}") = "Week3_BankAccount", "Week3_BankAccount.csproj", "{A9F3DF66-F4B6-49E3-BCFF-A06E6CF12DDB}"
EndProject
Global
	GlobalSection(SolutionConfigurationPlatforms) = preSolution
		Debug|Any CPU = Debug|Any CPU
		Release|Any CPU = Release|Any CPU
	EndGlobalSection
	GlobalSection(ProjectConfigurationPlatforms) = postSolution
		{A9F3DF66-F4B6-49E3-BCFF-A06E6CF12DDB}.Debug|Any CPU.ActiveCfg = Debug|Any CPU
		{A9F3DF66-F4B6-49E3-BCFF-A06E6CF12DDB}.Debug|Any CPU.Build.0 = Debug|Any CPU
		{A9F3DF66-F4B6-49E3-BCFF-A06E6CF12DDB}.Release|Any CPU.ActiveCfg = Release|Any CPU
		{A9F3DF66-F4B6-49E3-BCFF-A06E6CF12DDB}.Release|Any CPU.Build.0 = Release|Any CPU
	EndGlobalSection
	GlobalSection(SolutionProperties) = preSolution
		HideSolutionNode = FALSE
	EndGlobalSection
	GlobalSection(ExtensibilityGlobals) = postSolution
		SolutionGuid = {4E43DC97-B385-48B3-A57C-36C599190570}
	EndGlobalSection
EndGlobal
